// !$*UTF8*$!
{
	archiveVersion = 1;
	classes = {
	};
	objectVersion = 56;
	objects = {

/* Begin PBXBuildFile section */
		E2783FE92AE16C5B00CD804B /* AppDelegate.swift in Sources */ = {isa = PBXBuildFile; fileRef = E2783FE82AE16C5B00CD804B /* AppDelegate.swift */; };
		E2783FEB2AE16C5B00CD804B /* SceneDelegate.swift in Sources */ = {isa = PBXBuildFile; fileRef = E2783FEA2AE16C5B00CD804B /* SceneDelegate.swift */; };
		E2783FF02AE16C5B00CD804B /* Main.storyboard in Resources */ = {isa = PBXBuildFile; fileRef = E2783FEE2AE16C5B00CD804B /* Main.storyboard */; };
		E2783FF22AE16C6000CD804B /* Assets.xcassets in Resources */ = {isa = PBXBuildFile; fileRef = E2783FF12AE16C6000CD804B /* Assets.xcassets */; };
		E2783FF52AE16C6000CD804B /* LaunchScreen.storyboard in Resources */ = {isa = PBXBuildFile; fileRef = E2783FF32AE16C6000CD804B /* LaunchScreen.storyboard */; };
		E27840002AE16C6100CD804B /* WorldTrotterTests.swift in Sources */ = {isa = PBXBuildFile; fileRef = E2783FFF2AE16C6100CD804B /* WorldTrotterTests.swift */; };
		E278400A2AE16C6100CD804B /* WorldTrotterUITests.swift in Sources */ = {isa = PBXBuildFile; fileRef = E27840092AE16C6100CD804B /* WorldTrotterUITests.swift */; };
		E278400C2AE16C6100CD804B /* WorldTrotterUITestsLaunchTests.swift in Sources */ = {isa = PBXBuildFile; fileRef = E278400B2AE16C6100CD804B /* WorldTrotterUITestsLaunchTests.swift */; };
		E27840192AE1783F00CD804B /* ConversionViewController.swift in Sources */ = {isa = PBXBuildFile; fileRef = E27840182AE1783F00CD804B /* ConversionViewController.swift */; };
		E2B76C502AE67BEC00CF7EA3 /* MapViewController.swift in Sources */ = {isa = PBXBuildFile; fileRef = E2B76C4F2AE67BEB00CF7EA3 /* MapViewController.swift */; };
/* End PBXBuildFile section */

/* Begin PBXContainerItemProxy section */
		E2783FFC2AE16C6100CD804B /* PBXContainerItemProxy */ = {
			isa = PBXContainerItemProxy;
			containerPortal = E2783FDD2AE16C5B00CD804B /* Project object */;
			proxyType = 1;
			remoteGlobalIDString = E2783FE42AE16C5B00CD804B;
			remoteInfo = WorldTrotter;
		};
		E27840062AE16C6100CD804B /* PBXContainerItemProxy */ = {
			isa = PBXContainerItemProxy;
			containerPortal = E2783FDD2AE16C5B00CD804B /* Project object */;
			proxyType = 1;
			remoteGlobalIDString = E2783FE42AE16C5B00CD804B;
			remoteInfo = WorldTrotter;
		};
/* End PBXContainerItemProxy section */

/* Begin PBXFileReference section */
		E2783FE52AE16C5B00CD804B /* WorldTrotter.app */ = {isa = PBXFileReference; explicitFileType = wrapper.application; includeInIndex = 0; path = WorldTrotter.app; sourceTree = BUILT_PRODUCTS_DIR; };
		E2783FE82AE16C5B00CD804B /* AppDelegate.swift */ = {isa = PBXFileReference; lastKnownFileType = sourcecode.swift; path = AppDelegate.swift; sourceTree = "<group>"; };
		E2783FEA2AE16C5B00CD804B /* SceneDelegate.swift */ = {isa = PBXFileReference; lastKnownFileType = sourcecode.swift; path = SceneDelegate.swift; sourceTree = "<group>"; };
		E2783FEF2AE16C5B00CD804B /* Base */ = {isa = PBXFileReference; lastKnownFileType = file.storyboard; name = Base; path = Base.lproj/Main.storyboard; sourceTree = "<group>"; };
		E2783FF12AE16C6000CD804B /* Assets.xcassets */ = {isa = PBXFileReference; lastKnownFileType = folder.assetcatalog; path = Assets.xcassets; sourceTree = "<group>"; };
		E2783FF42AE16C6000CD804B /* Base */ = {isa = PBXFileReference; lastKnownFileType = file.storyboard; name = Base; path = Base.lproj/LaunchScreen.storyboard; sourceTree = "<group>"; };
		E2783FF62AE16C6000CD804B /* Info.plist */ = {isa = PBXFileReference; lastKnownFileType = text.plist.xml; path = Info.plist; sourceTree = "<group>"; };
		E2783FFB2AE16C6100CD804B /* WorldTrotterTests.xctest */ = {isa = PBXFileReference; explicitFileType = wrapper.cfbundle; includeInIndex = 0; path = WorldTrotterTests.xctest; sourceTree = BUILT_PRODUCTS_DIR; };
		E2783FFF2AE16C6100CD804B /* WorldTrotterTests.swift */ = {isa = PBXFileReference; lastKnownFileType = sourcecode.swift; path = WorldTrotterTests.swift; sourceTree = "<group>"; };
		E27840052AE16C6100CD804B /* WorldTrotterUITests.xctest */ = {isa = PBXFileReference; explicitFileType = wrapper.cfbundle; includeInIndex = 0; path = WorldTrotterUITests.xctest; sourceTree = BUILT_PRODUCTS_DIR; };
		E27840092AE16C6100CD804B /* WorldTrotterUITests.swift */ = {isa = PBXFileReference; lastKnownFileType = sourcecode.swift; path = WorldTrotterUITests.swift; sourceTree = "<group>"; };
		E278400B2AE16C6100CD804B /* WorldTrotterUITestsLaunchTests.swift */ = {isa = PBXFileReference; lastKnownFileType = sourcecode.swift; path = WorldTrotterUITestsLaunchTests.swift; sourceTree = "<group>"; };
		E27840182AE1783F00CD804B /* ConversionViewController.swift */ = {isa = PBXFileReference; lastKnownFileType = sourcecode.swift; path = ConversionViewController.swift; sourceTree = "<group>"; };
		E2B76C4F2AE67BEB00CF7EA3 /* MapViewController.swift */ = {isa = PBXFileReference; fileEncoding = 4; lastKnownFileType = sourcecode.swift; path = MapViewController.swift; sourceTree = "<group>"; };
/* End PBXFileReference section */

/* Begin PBXFrameworksBuildPhase section */
		E2783FE22AE16C5B00CD804B /* Frameworks */ = {
			isa = PBXFrameworksBuildPhase;
			buildActionMask = 2147483647;
			files = (
			);
			runOnlyForDeploymentPostprocessing = 0;
		};
		E2783FF82AE16C6100CD804B /* Frameworks */ = {
			isa = PBXFrameworksBuildPhase;
			buildActionMask = 2147483647;
			files = (
			);
			runOnlyForDeploymentPostprocessing = 0;
		};
		E27840022AE16C6100CD804B /* Frameworks */ = {
			isa = PBXFrameworksBuildPhase;
			buildActionMask = 2147483647;
			files = (
			);
			runOnlyForDeploymentPostprocessing = 0;
		};
/* End PBXFrameworksBuildPhase section */

/* Begin PBXGroup section */
		E2783FDC2AE16C5B00CD804B = {
			isa = PBXGroup;
			children = (
				E2783FE72AE16C5B00CD804B /* WorldTrotter */,
				E2783FFE2AE16C6100CD804B /* WorldTrotterTests */,
				E27840082AE16C6100CD804B /* WorldTrotterUITests */,
				E2783FE62AE16C5B00CD804B /* Products */,
			);
			sourceTree = "<group>";
		};
		E2783FE62AE16C5B00CD804B /* Products */ = {
			isa = PBXGroup;
			children = (
				E2783FE52AE16C5B00CD804B /* WorldTrotter.app */,
				E2783FFB2AE16C6100CD804B /* WorldTrotterTests.xctest */,
				E27840052AE16C6100CD804B /* WorldTrotterUITests.xctest */,
			);
			name = Products;
			sourceTree = "<group>";
		};
		E2783FE72AE16C5B00CD804B /* WorldTrotter */ = {
			isa = PBXGroup;
			children = (
				E2B76C4F2AE67BEB00CF7EA3 /* MapViewController.swift */,
				E2783FE82AE16C5B00CD804B /* AppDelegate.swift */,
				E2783FEA2AE16C5B00CD804B /* SceneDelegate.swift */,
				E2783FEE2AE16C5B00CD804B /* Main.storyboard */,
				E27840182AE1783F00CD804B /* ConversionViewController.swift */,
				E2783FF12AE16C6000CD804B /* Assets.xcassets */,
				E2783FF32AE16C6000CD804B /* LaunchScreen.storyboard */,
				E2783FF62AE16C6000CD804B /* Info.plist */,
			);
			path = WorldTrotter;
			sourceTree = "<group>";
		};
		E2783FFE2AE16C6100CD804B /* WorldTrotterTests */ = {
			isa = PBXGroup;
			children = (
				E2783FFF2AE16C6100CD804B /* WorldTrotterTests.swift */,
			);
			path = WorldTrotterTests;
			sourceTree = "<group>";
		};
		E27840082AE16C6100CD804B /* WorldTrotterUITests */ = {
			isa = PBXGroup;
			children = (
				E27840092AE16C6100CD804B /* WorldTrotterUITests.swift */,
				E278400B2AE16C6100CD804B /* WorldTrotterUITestsLaunchTests.swift */,
			);
			path = WorldTrotterUITests;
			sourceTree = "<group>";
		};
/* End PBXGroup section */

/* Begin PBXNativeTarget section */
		E2783FE42AE16C5B00CD804B /* WorldTrotter */ = {
			isa = PBXNativeTarget;
			buildConfigurationList = E278400F2AE16C6100CD804B /* Build configuration list for PBXNativeTarget "WorldTrotter" */;
			buildPhases = (
				E2783FE12AE16C5B00CD804B /* Sources */,
				E2783FE22AE16C5B00CD804B /* Frameworks */,
				E2783FE32AE16C5B00CD804B /* Resources */,
			);
			buildRules = (
			);
			dependencies = (
			);
			name = WorldTrotter;
			productName = WorldTrotter;
			productReference = E2783FE52AE16C5B00CD804B /* WorldTrotter.app */;
			productType = "com.apple.product-type.application";
		};
		E2783FFA2AE16C6100CD804B /* WorldTrotterTests */ = {
			isa = PBXNativeTarget;
			buildConfigurationList = E27840122AE16C6100CD804B /* Build configuration list for PBXNativeTarget "WorldTrotterTests" */;
			buildPhases = (
				E2783FF72AE16C6100CD804B /* Sources */,
				E2783FF82AE16C6100CD804B /* Frameworks */,
				E2783FF92AE16C6100CD804B /* Resources */,
			);
			buildRules = (
			);
			dependencies = (
				E2783FFD2AE16C6100CD804B /* PBXTargetDependency */,
			);
			name = WorldTrotterTests;
			productName = WorldTrotterTests;
			productReference = E2783FFB2AE16C6100CD804B /* WorldTrotterTests.xctest */;
			productType = "com.apple.product-type.bundle.unit-test";
		};
		E27840042AE16C6100CD804B /* WorldTrotterUITests */ = {
			isa = PBXNativeTarget;
			buildConfigurationList = E27840152AE16C6100CD804B /* Build configuration list for PBXNativeTarget "WorldTrotterUITests" */;
			buildPhases = (
				E27840012AE16C6100CD804B /* Sources */,
				E27840022AE16C6100CD804B /* Frameworks */,
				E27840032AE16C6100CD804B /* Resources */,
			);
			buildRules = (
			);
			dependencies = (
				E27840072AE16C6100CD804B /* PBXTargetDependency */,
			);
			name = WorldTrotterUITests;
			productName = WorldTrotterUITests;
			productReference = E27840052AE16C6100CD804B /* WorldTrotterUITests.xctest */;
			productType = "com.apple.product-type.bundle.ui-testing";
		};
/* End PBXNativeTarget section */

/* Begin PBXProject section */
		E2783FDD2AE16C5B00CD804B /* Project object */ = {
			isa = PBXProject;
			attributes = {
				BuildIndependentTargetsInParallel = 1;
				LastSwiftUpdateCheck = 1500;
				LastUpgradeCheck = 1500;
				TargetAttributes = {
					E2783FE42AE16C5B00CD804B = {
						CreatedOnToolsVersion = 15.0;
					};
					E2783FFA2AE16C6100CD804B = {
						CreatedOnToolsVersion = 15.0;
						TestTargetID = E2783FE42AE16C5B00CD804B;
					};
					E27840042AE16C6100CD804B = {
						CreatedOnToolsVersion = 15.0;
						TestTargetID = E2783FE42AE16C5B00CD804B;
					};
				};
			};
			buildConfigurationList = E2783FE02AE16C5B00CD804B /* Build configuration list for PBXProject "WorldTrotter" */;
			compatibilityVersion = "Xcode 14.0";
			developmentRegion = en;
			hasScannedForEncodings = 0;
			knownRegions = (
				en,
				Base,
			);
			mainGroup = E2783FDC2AE16C5B00CD804B;
			productRefGroup = E2783FE62AE16C5B00CD804B /* Products */;
			projectDirPath = "";
			projectRoot = "";
			targets = (
				E2783FE42AE16C5B00CD804B /* WorldTrotter */,
				E2783FFA2AE16C6100CD804B /* WorldTrotterTests */,
				E27840042AE16C6100CD804B /* WorldTrotterUITests */,
			);
		};
/* End PBXProject section */

/* Begin PBXResourcesBuildPhase section */
		E2783FE32AE16C5B00CD804B /* Resources */ = {
			isa = PBXResourcesBuildPhase;
			buildActionMask = 2147483647;
			files = (
				E2783FF52AE16C6000CD804B /* LaunchScreen.storyboard in Resources */,
				E2783FF22AE16C6000CD804B /* Assets.xcassets in Resources */,
				E2783FF02AE16C5B00CD804B /* Main.storyboard in Resources */,
			);
			runOnlyForDeploymentPostprocessing = 0;
		};
		E2783FF92AE16C6100CD804B /* Resources */ = {
			isa = PBXResourcesBuildPhase;
			buildActionMask = 2147483647;
			files = (
			);
			runOnlyForDeploymentPostprocessing = 0;
		};
		E27840032AE16C6100CD804B /* Resources */ = {
			isa = PBXResourcesBuildPhase;
			buildActionMask = 2147483647;
			files = (
			);
			runOnlyForDeploymentPostprocessing = 0;
		};
/* End PBXResourcesBuildPhase section */

/* Begin PBXSourcesBuildPhase section */
		E2783FE12AE16C5B00CD804B /* Sources */ = {
			isa = PBXSourcesBuildPhase;
			buildActionMask = 2147483647;
			files = (
				E2783FE92AE16C5B00CD804B /* AppDelegate.swift in Sources */,
				E27840192AE1783F00CD804B /* ConversionViewController.swift in Sources */,
				E2783FEB2AE16C5B00CD804B /* SceneDelegate.swift in Sources */,
				E2B76C502AE67BEC00CF7EA3 /* MapViewController.swift in Sources */,
			);
			runOnlyForDeploymentPostprocessing = 0;
		};
		E2783FF72AE16C6100CD804B /* Sources */ = {
			isa = PBXSourcesBuildPhase;
			buildActionMask = 2147483647;
			files = (
				E27840002AE16C6100CD804B /* WorldTrotterTests.swift in Sources */,
			);
			runOnlyForDeploymentPostprocessing = 0;
		};
		E27840012AE16C6100CD804B /* Sources */ = {
			isa = PBXSourcesBuildPhase;
			buildActionMask = 2147483647;
			files = (
				E278400C2AE16C6100CD804B /* WorldTrotterUITestsLaunchTests.swift in Sources */,
				E278400A2AE16C6100CD804B /* WorldTrotterUITests.swift in Sources */,
			);
			runOnlyForDeploymentPostprocessing = 0;
		};
/* End PBXSourcesBuildPhase section */

/* Begin PBXTargetDependency section */
		E2783FFD2AE16C6100CD804B /* PBXTargetDependency */ = {
			isa = PBXTargetDependency;
			target = E2783FE42AE16C5B00CD804B /* WorldTrotter */;
			targetProxy = E2783FFC2AE16C6100CD804B /* PBXContainerItemProxy */;
		};
		E27840072AE16C6100CD804B /* PBXTargetDependency */ = {
			isa = PBXTargetDependency;
			target = E2783FE42AE16C5B00CD804B /* WorldTrotter */;
			targetProxy = E27840062AE16C6100CD804B /* PBXContainerItemProxy */;
		};
/* End PBXTargetDependency section */

/* Begin PBXVariantGroup section */
		E2783FEE2AE16C5B00CD804B /* Main.storyboard */ = {
			isa = PBXVariantGroup;
			children = (
				E2783FEF2AE16C5B00CD804B /* Base */,
			);
			name = Main.storyboard;
			sourceTree = "<group>";
		};
		E2783FF32AE16C6000CD804B /* LaunchScreen.storyboard */ = {
			isa = PBXVariantGroup;
			children = (
				E2783FF42AE16C6000CD804B /* Base */,
			);
			name = LaunchScreen.storyboard;
			sourceTree = "<group>";
		};
/* End PBXVariantGroup section */

/* Begin XCBuildConfiguration section */
		E278400D2AE16C6100CD804B /* Debug */ = {
			isa = XCBuildConfiguration;
			buildSettings = {
				ALWAYS_SEARCH_USER_PATHS = NO;
				ASSETCATALOG_COMPILER_GENERATE_SWIFT_ASSET_SYMBOL_EXTENSIONS = YES;
				CLANG_ANALYZER_NONNULL = YES;
				CLANG_ANALYZER_NUMBER_OBJECT_CONVERSION = YES_AGGRESSIVE;
				CLANG_CXX_LANGUAGE_STANDARD = "gnu++20";
				CLANG_ENABLE_MODULES = YES;
				CLANG_ENABLE_OBJC_ARC = YES;
				CLANG_ENABLE_OBJC_WEAK = YES;
				CLANG_WARN_BLOCK_CAPTURE_AUTORELEASING = YES;
				CLANG_WARN_BOOL_CONVERSION = YES;
				CLANG_WARN_COMMA = YES;
				CLANG_WARN_CONSTANT_CONVERSION = YES;
				CLANG_WARN_DEPRECATED_OBJC_IMPLEMENTATIONS = YES;
				CLANG_WARN_DIRECT_OBJC_ISA_USAGE = YES_ERROR;
				CLANG_WARN_DOCUMENTATION_COMMENTS = YES;
				CLANG_WARN_EMPTY_BODY = YES;
				CLANG_WARN_ENUM_CONVERSION = YES;
				CLANG_WARN_INFINITE_RECURSION = YES;
				CLANG_WARN_INT_CONVERSION = YES;
				CLANG_WARN_NON_LITERAL_NULL_CONVERSION = YES;
				CLANG_WARN_OBJC_IMPLICIT_RETAIN_SELF = YES;
				CLANG_WARN_OBJC_LITERAL_CONVERSION = YES;
				CLANG_WARN_OBJC_ROOT_CLASS = YES_ERROR;
				CLANG_WARN_QUOTED_INCLUDE_IN_FRAMEWORK_HEADER = YES;
				CLANG_WARN_RANGE_LOOP_ANALYSIS = YES;
				CLANG_WARN_STRICT_PROTOTYPES = YES;
				CLANG_WARN_SUSPICIOUS_MOVE = YES;
				CLANG_WARN_UNGUARDED_AVAILABILITY = YES_AGGRESSIVE;
				CLANG_WARN_UNREACHABLE_CODE = YES;
				CLANG_WARN__DUPLICATE_METHOD_MATCH = YES;
				COPY_PHASE_STRIP = NO;
				DEBUG_INFORMATION_FORMAT = dwarf;
				ENABLE_STRICT_OBJC_MSGSEND = YES;
				ENABLE_TESTABILITY = YES;
				ENABLE_USER_SCRIPT_SANDBOXING = YES;
				GCC_C_LANGUAGE_STANDARD = gnu17;
				GCC_DYNAMIC_NO_PIC = NO;
				GCC_NO_COMMON_BLOCKS = YES;
				GCC_OPTIMIZATION_LEVEL = 0;
				GCC_PREPROCESSOR_DEFINITIONS = (
					"DEBUG=1",
					"$(inherited)",
				);
				GCC_WARN_64_TO_32_BIT_CONVERSION = YES;
				GCC_WARN_ABOUT_RETURN_TYPE = YES_ERROR;
				GCC_WARN_UNDECLARED_SELECTOR = YES;
				GCC_WARN_UNINITIALIZED_AUTOS = YES_AGGRESSIVE;
				GCC_WARN_UNUSED_FUNCTION = YES;
				GCC_WARN_UNUSED_VARIABLE = YES;
				IPHONEOS_DEPLOYMENT_TARGET = 17.0;
				LOCALIZATION_PREFERS_STRING_CATALOGS = YES;
				MTL_ENABLE_DEBUG_INFO = INCLUDE_SOURCE;
				MTL_FAST_MATH = YES;
				ONLY_ACTIVE_ARCH = YES;
				SDKROOT = iphoneos;
				SWIFT_ACTIVE_COMPILATION_CONDITIONS = "DEBUG $(inherited)";
				SWIFT_OPTIMIZATION_LEVEL = "-Onone";
			};
			name = Debug;
		};
		E278400E2AE16C6100CD804B /* Release */ = {
			isa = XCBuildConfiguration;
			buildSettings = {
				ALWAYS_SEARCH_USER_PATHS = NO;
				ASSETCATALOG_COMPILER_GENERATE_SWIFT_ASSET_SYMBOL_EXTENSIONS = YES;
				CLANG_ANALYZER_NONNULL = YES;
				CLANG_ANALYZER_NUMBER_OBJECT_CONVERSION = YES_AGGRESSIVE;
				CLANG_CXX_LANGUAGE_STANDARD = "gnu++20";
				CLANG_ENABLE_MODULES = YES;
				CLANG_ENABLE_OBJC_ARC = YES;
				CLANG_ENABLE_OBJC_WEAK = YES;
				CLANG_WARN_BLOCK_CAPTURE_AUTORELEASING = YES;
				CLANG_WARN_BOOL_CONVERSION = YES;
				CLANG_WARN_COMMA = YES;
				CLANG_WARN_CONSTANT_CONVERSION = YES;
				CLANG_WARN_DEPRECATED_OBJC_IMPLEMENTATIONS = YES;
				CLANG_WARN_DIRECT_OBJC_ISA_USAGE = YES_ERROR;
				CLANG_WARN_DOCUMENTATION_COMMENTS = YES;
				CLANG_WARN_EMPTY_BODY = YES;
				CLANG_WARN_ENUM_CONVERSION = YES;
				CLANG_WARN_INFINITE_RECURSION = YES;
				CLANG_WARN_INT_CONVERSION = YES;
				CLANG_WARN_NON_LITERAL_NULL_CONVERSION = YES;
				CLANG_WARN_OBJC_IMPLICIT_RETAIN_SELF = YES;
				CLANG_WARN_OBJC_LITERAL_CONVERSION = YES;
				CLANG_WARN_OBJC_ROOT_CLASS = YES_ERROR;
				CLANG_WARN_QUOTED_INCLUDE_IN_FRAMEWORK_HEADER = YES;
				CLANG_WARN_RANGE_LOOP_ANALYSIS = YES;
				CLANG_WARN_STRICT_PROTOTYPES = YES;
				CLANG_WARN_SUSPICIOUS_MOVE = YES;
				CLANG_WARN_UNGUARDED_AVAILABILITY = YES_AGGRESSIVE;
				CLANG_WARN_UNREACHABLE_CODE = YES;
				CLANG_WARN__DUPLICATE_METHOD_MATCH = YES;
				COPY_PHASE_STRIP = NO;
				DEBUG_INFORMATION_FORMAT = "dwarf-with-dsym";
				ENABLE_NS_ASSERTIONS = NO;
				ENABLE_STRICT_OBJC_MSGSEND = YES;
				ENABLE_USER_SCRIPT_SANDBOXING = YES;
				GCC_C_LANGUAGE_STANDARD = gnu17;
				GCC_NO_COMMON_BLOCKS = YES;
				GCC_WARN_64_TO_32_BIT_CONVERSION = YES;
				GCC_WARN_ABOUT_RETURN_TYPE = YES_ERROR;
				GCC_WARN_UNDECLARED_SELECTOR = YES;
				GCC_WARN_UNINITIALIZED_AUTOS = YES_AGGRESSIVE;
				GCC_WARN_UNUSED_FUNCTION = YES;
				GCC_WARN_UNUSED_VARIABLE = YES;
				IPHONEOS_DEPLOYMENT_TARGET = 17.0;
				LOCALIZATION_PREFERS_STRING_CATALOGS = YES;
				MTL_ENABLE_DEBUG_INFO = NO;
				MTL_FAST_MATH = YES;
				SDKROOT = iphoneos;
				SWIFT_COMPILATION_MODE = wholemodule;
				VALIDATE_PRODUCT = YES;
			};
			name = Release;
		};
		E27840102AE16C6100CD804B /* Debug */ = {
			isa = XCBuildConfiguration;
			buildSettings = {
				ASSETCATALOG_COMPILER_APPICON_NAME = AppIcon;
				ASSETCATALOG_COMPILER_GLOBAL_ACCENT_COLOR_NAME = AccentColor;
				CODE_SIGN_STYLE = Automatic;
				CURRENT_PROJECT_VERSION = 1;
				GENERATE_INFOPLIST_FILE = YES;
				INFOPLIST_FILE = WorldTrotter/Info.plist;
				INFOPLIST_KEY_UIApplicationSupportsIndirectInputEvents = YES;
				INFOPLIST_KEY_UILaunchStoryboardName = LaunchScreen;
				INFOPLIST_KEY_UIMainStoryboardFile = Main;
				INFOPLIST_KEY_UISupportedInterfaceOrientations_iPad = "UIInterfaceOrientationPortrait UIInterfaceOrientationPortraitUpsideDown UIInterfaceOrientationLandscapeLeft UIInterfaceOrientationLandscapeRight";
				INFOPLIST_KEY_UISupportedInterfaceOrientations_iPhone = "UIInterfaceOrientationPortrait UIInterfaceOrientationLandscapeLeft UIInterfaceOrientationLandscapeRight";
				LD_RUNPATH_SEARCH_PATHS = (
					"$(inherited)",
					"@executable_path/Frameworks",
				);
				MARKETING_VERSION = 1.0;
				PRODUCT_BUNDLE_IDENTIFIER = myown.WorldTrotter;
				PRODUCT_NAME = "$(TARGET_NAME)";
				SWIFT_EMIT_LOC_STRINGS = YES;
				SWIFT_VERSION = 5.0;
				TARGETED_DEVICE_FAMILY = "1,2";
			};
			name = Debug;
		};
		E27840112AE16C6100CD804B /* Release */ = {
			isa = XCBuildConfiguration;
			buildSettings = {
				ASSETCATALOG_COMPILER_APPICON_NAME = AppIcon;
				ASSETCATALOG_COMPILER_GLOBAL_ACCENT_COLOR_NAME = AccentColor;
				CODE_SIGN_STYLE = Automatic;
				CURRENT_PROJECT_VERSION = 1;
				GENERATE_INFOPLIST_FILE = YES;
				INFOPLIST_FILE = WorldTrotter/Info.plist;
				INFOPLIST_KEY_UIApplicationSupportsIndirectInputEvents = YES;
				INFOPLIST_KEY_UILaunchStoryboardName = LaunchScreen;
				INFOPLIST_KEY_UIMainStoryboardFile = Main;
				INFOPLIST_KEY_UISupportedInterfaceOrientations_iPad = "UIInterfaceOrientationPortrait UIInterfaceOrientationPortraitUpsideDown UIInterfaceOrientationLandscapeLeft UIInterfaceOrientationLandscapeRight";
				INFOPLIST_KEY_UISupportedInterfaceOrientations_iPhone = "UIInterfaceOrientationPortrait UIInterfaceOrientationLandscapeLeft UIInterfaceOrientationLandscapeRight";
				LD_RUNPATH_SEARCH_PATHS = (
					"$(inherited)",
					"@executable_path/Frameworks",
				);
				MARKETING_VERSION = 1.0;
				PRODUCT_BUNDLE_IDENTIFIER = myown.WorldTrotter;
				PRODUCT_NAME = "$(TARGET_NAME)";
				SWIFT_EMIT_LOC_STRINGS = YES;
				SWIFT_VERSION = 5.0;
				TARGETED_DEVICE_FAMILY = "1,2";
			};
			name = Release;
		};
		E27840132AE16C6100CD804B /* Debug */ = {
			isa = XCBuildConfiguration;
			buildSettings = {
				ALWAYS_EMBED_SWIFT_STANDARD_LIBRARIES = YES;
				BUNDLE_LOADER = "$(TEST_HOST)";
				CODE_SIGN_STYLE = Automatic;
				CURRENT_PROJECT_VERSION = 1;
				GENERATE_INFOPLIST_FILE = YES;
				IPHONEOS_DEPLOYMENT_TARGET = 17.0;
				MARKETING_VERSION = 1.0;
				PRODUCT_BUNDLE_IDENTIFIER = myown.WorldTrotterTests;
				PRODUCT_NAME = "$(TARGET_NAME)";
				SWIFT_EMIT_LOC_STRINGS = NO;
				SWIFT_VERSION = 5.0;
				TARGETED_DEVICE_FAMILY = "1,2";
				TEST_HOST = "$(BUILT_PRODUCTS_DIR)/WorldTrotter.app/$(BUNDLE_EXECUTABLE_FOLDER_PATH)/WorldTrotter";
			};
			name = Debug;
		};
		E27840142AE16C6100CD804B /* Release */ = {
			isa = XCBuildConfiguration;
			buildSettings = {
				ALWAYS_EMBED_SWIFT_STANDARD_LIBRARIES = YES;
				BUNDLE_LOADER = "$(TEST_HOST)";
				CODE_SIGN_STYLE = Automatic;
				CURRENT_PROJECT_VERSION = 1;
				GENERATE_INFOPLIST_FILE = YES;
				IPHONEOS_DEPLOYMENT_TARGET = 17.0;
				MARKETING_VERSION = 1.0;
				PRODUCT_BUNDLE_IDENTIFIER = myown.WorldTrotterTests;
				PRODUCT_NAME = "$(TARGET_NAME)";
				SWIFT_EMIT_LOC_STRINGS = NO;
				SWIFT_VERSION = 5.0;
				TARGETED_DEVICE_FAMILY = "1,2";
				TEST_HOST = "$(BUILT_PRODUCTS_DIR)/WorldTrotter.app/$(BUNDLE_EXECUTABLE_FOLDER_PATH)/WorldTrotter";
			};
			name = Release;
		};
		E27840162AE16C6100CD804B /* Debug */ = {
			isa = XCBuildConfiguration;
			buildSettings = {
				ALWAYS_EMBED_SWIFT_STANDARD_LIBRARIES = YES;
				CODE_SIGN_STYLE = Automatic;
				CURRENT_PROJECT_VERSION = 1;
				GENERATE_INFOPLIST_FILE = YES;
				MARKETING_VERSION = 1.0;
				PRODUCT_BUNDLE_IDENTIFIER = myown.WorldTrotterUITests;
				PRODUCT_NAME = "$(TARGET_NAME)";
				SWIFT_EMIT_LOC_STRINGS = NO;
				SWIFT_VERSION = 5.0;
				TARGETED_DEVICE_FAMILY = "1,2";
				TEST_TARGET_NAME = WorldTrotter;
			};
			name = Debug;
		};
		E27840172AE16C6100CD804B /* Release */ = {
			isa = XCBuildConfiguration;
			buildSettings = {
				ALWAYS_EMBED_SWIFT_STANDARD_LIBRARIES = YES;
				CODE_SIGN_STYLE = Automatic;
				CURRENT_PROJECT_VERSION = 1;
				GENERATE_INFOPLIST_FILE = YES;
				MARKETING_VERSION = 1.0;
				PRODUCT_BUNDLE_IDENTIFIER = myown.WorldTrotterUITests;
				PRODUCT_NAME = "$(TARGET_NAME)";
				SWIFT_EMIT_LOC_STRINGS = NO;
				SWIFT_VERSION = 5.0;
				TARGETED_DEVICE_FAMILY = "1,2";
				TEST_TARGET_NAME = WorldTrotter;
			};
			name = Release;
		};
/* End XCBuildConfiguration section */

/* Begin XCConfigurationList section */
		E2783FE02AE16C5B00CD804B /* Build configuration list for PBXProject "WorldTrotter" */ = {
			isa = XCConfigurationList;
			buildConfigurations = (
				E278400D2AE16C6100CD804B /* Debug */,
				E278400E2AE16C6100CD804B /* Release */,
			);
			defaultConfigurationIsVisible = 0;
			defaultConfigurationName = Release;
		};
		E278400F2AE16C6100CD804B /* Build configuration list for PBXNativeTarget "WorldTrotter" */ = {
			isa = XCConfigurationList;
			buildConfigurations = (
				E27840102AE16C6100CD804B /* Debug */,
				E27840112AE16C6100CD804B /* Release */,
			);
			defaultConfigurationIsVisible = 0;
			defaultConfigurationName = Release;
		};
		E27840122AE16C6100CD804B /* Build configuration list for PBXNativeTarget "WorldTrotterTests" */ = {
			isa = XCConfigurationList;
			buildConfigurations = (
				E27840132AE16C6100CD804B /* Debug */,
				E27840142AE16C6100CD804B /* Release */,
			);
			defaultConfigurationIsVisible = 0;
			defaultConfigurationName = Release;
		};
		E27840152AE16C6100CD804B /* Build configuration list for PBXNativeTarget "WorldTrotterUITests" */ = {
			isa = XCConfigurationList;
			buildConfigurations = (
				E27840162AE16C6100CD804B /* Debug */,
				E27840172AE16C6100CD804B /* Release */,
			);
			defaultConfigurationIsVisible = 0;
			defaultConfigurationName = Release;
		};
/* End XCConfigurationList section */
	};
	rootObject = E2783FDD2AE16C5B00CD804B /* Project object */;
}
